
Microsoft Visual Studio Solution File, Format Version 12.00
# Visual Studio 15
VisualStudioVersion = 15.0.28010.2003
MinimumVisualStudioVersion = 10.0.40219.1
Project("{FAE04EC0-301F-11D3-BF4B-00C04F79EFBC}") = "ChartExercise", "ChartExercise\ChartExercise.csproj", "{A4B09C7E-5E47-45EA-BA66-459EC9BC757A}"
EndProject
Project("{FAE04EC0-301F-11D3-BF4B-00C04F79EFBC}") = "Chart.Tests", "Chart.Tests\Chart.Tests.csproj", "{C0D57A24-1C22-47EA-9E2A-F5144A3749E6}"
EndProject
Global
	GlobalSection(SolutionConfigurationPlatforms) = preSolution
		Debug|Any CPU = Debug|Any CPU
		Release|Any CPU = Release|Any CPU
	EndGlobalSection
	GlobalSection(ProjectConfigurationPlatforms) = postSolution
		{A4B09C7E-5E47-45EA-BA66-459EC9BC757A}.Debug|Any CPU.ActiveCfg = Debug|Any CPU
		{A4B09C7E-5E47-45EA-BA66-459EC9BC757A}.Debug|Any CPU.Build.0 = Debug|Any CPU
		{A4B09C7E-5E47-45EA-BA66-459EC9BC757A}.Release|Any CPU.ActiveCfg = Release|Any CPU
		{A4B09C7E-5E47-45EA-BA66-459EC9BC757A}.Release|Any CPU.Build.0 = Release|Any CPU
		{C0D57A24-1C22-47EA-9E2A-F5144A3749E6}.Debug|Any CPU.ActiveCfg = Debug|Any CPU
		{C0D57A24-1C22-47EA-9E2A-F5144A3749E6}.Debug|Any CPU.Build.0 = Debug|Any CPU
		{C0D57A24-1C22-47EA-9E2A-F5144A3749E6}.Release|Any CPU.ActiveCfg = Release|Any CPU
		{C0D57A24-1C22-47EA-9E2A-F5144A3749E6}.Release|Any CPU.Build.0 = Release|Any CPU
	EndGlobalSection
	GlobalSection(SolutionProperties) = preSolution
		HideSolutionNode = FALSE
	EndGlobalSection
	GlobalSection(ExtensibilityGlobals) = postSolution
		SolutionGuid = {D6E5AE73-C917-46DE-A22A-F56852A94F3F}
	EndGlobalSection
EndGlobal
